
Microsoft Visual Studio Solution File, Format Version 12.00
# Visual Studio Version 16
VisualStudioVersion = 16.0.30413.136
MinimumVisualStudioVersion = 10.0.40219.1
Project("{9A19103F-16F7-4668-BE54-9A1E7A4F7556}") = "RedWatchServer", "RedWatchServer\RedWatchServer.csproj", "{CA4DAE03-8782-4DFA-9793-EDA37286A1FC}"
EndProject
Project("{9A19103F-16F7-4668-BE54-9A1E7A4F7556}") = "RedWatchLib", "RedWatchLib\RedWatchLib.csproj", "{0753A5BB-CE06-4668-9170-1971F9C359D3}"
EndProject
Project("{9A19103F-16F7-4668-BE54-9A1E7A4F7556}") = "RedWatchWatchOwner", "RedWatchWatchOwner\RedWatchWatchOwner.csproj", "{DE51412A-D6FD-4ECE-BEFA-9BA427EC29B9}"
EndProject
Project("{9A19103F-16F7-4668-BE54-9A1E7A4F7556}") = "HomeFrontCommandSimulator", "HomeFrontCommandSimulator\HomeFrontCommandSimulator.csproj", "{20A042FF-D70D-464F-A092-B0B0385032F8}"
EndProject
Global
	GlobalSection(SolutionConfigurationPlatforms) = preSolution
		Debug|Any CPU = Debug|Any CPU
		Release|Any CPU = Release|Any CPU
	EndGlobalSection
	GlobalSection(ProjectConfigurationPlatforms) = postSolution
		{CA4DAE03-8782-4DFA-9793-EDA37286A1FC}.Debug|Any CPU.ActiveCfg = Debug|Any CPU
		{CA4DAE03-8782-4DFA-9793-EDA37286A1FC}.Debug|Any CPU.Build.0 = Debug|Any CPU
		{CA4DAE03-8782-4DFA-9793-EDA37286A1FC}.Release|Any CPU.ActiveCfg = Release|Any CPU
		{CA4DAE03-8782-4DFA-9793-EDA37286A1FC}.Release|Any CPU.Build.0 = Release|Any CPU
		{0753A5BB-CE06-4668-9170-1971F9C359D3}.Debug|Any CPU.ActiveCfg = Debug|Any CPU
		{0753A5BB-CE06-4668-9170-1971F9C359D3}.Debug|Any CPU.Build.0 = Debug|Any CPU
		{0753A5BB-CE06-4668-9170-1971F9C359D3}.Release|Any CPU.ActiveCfg = Release|Any CPU
		{0753A5BB-CE06-4668-9170-1971F9C359D3}.Release|Any CPU.Build.0 = Release|Any CPU
		{DE51412A-D6FD-4ECE-BEFA-9BA427EC29B9}.Debug|Any CPU.ActiveCfg = Debug|Any CPU
		{DE51412A-D6FD-4ECE-BEFA-9BA427EC29B9}.Debug|Any CPU.Build.0 = Debug|Any CPU
		{DE51412A-D6FD-4ECE-BEFA-9BA427EC29B9}.Release|Any CPU.ActiveCfg = Release|Any CPU
		{DE51412A-D6FD-4ECE-BEFA-9BA427EC29B9}.Release|Any CPU.Build.0 = Release|Any CPU
		{20A042FF-D70D-464F-A092-B0B0385032F8}.Debug|Any CPU.ActiveCfg = Debug|Any CPU
		{20A042FF-D70D-464F-A092-B0B0385032F8}.Debug|Any CPU.Build.0 = Debug|Any CPU
		{20A042FF-D70D-464F-A092-B0B0385032F8}.Release|Any CPU.ActiveCfg = Release|Any CPU
		{20A042FF-D70D-464F-A092-B0B0385032F8}.Release|Any CPU.Build.0 = Release|Any CPU
	EndGlobalSection
	GlobalSection(SolutionProperties) = preSolution
		HideSolutionNode = FALSE
	EndGlobalSection
	GlobalSection(ExtensibilityGlobals) = postSolution
		SolutionGuid = {F8053533-C764-44E8-A0E7-2CB594EC3719}
	EndGlobalSection
EndGlobal
